
Microsoft Visual Studio Solution File, Format Version 12.00
# Visual Studio Version 16
VisualStudioVersion = 16.0.31105.61
MinimumVisualStudioVersion = 10.0.40219.1
Project("{2150E333-8FDC-42A3-9474-1A3956D46DE8}") = "Projects", "Projects", "{4339B852-9958-46EA-8494-A3473EAA620D}"
EndProject
Project("{2150E333-8FDC-42A3-9474-1A3956D46DE8}") = "Gateway", "Gateway", "{4767FFC0-62A6-41DB-AAB5-1FA01876DC9A}"
EndProject
Project("{2150E333-8FDC-42A3-9474-1A3956D46DE8}") = "Microservices", "Microservices", "{624EA558-0646-4927-9342-3C1772F4D2C3}"
EndProject
Project("{2150E333-8FDC-42A3-9474-1A3956D46DE8}") = "Account", "Account", "{D99B6DE8-2712-4480-99DD-73A0111A481C}"
EndProject
Project("{2150E333-8FDC-42A3-9474-1A3956D46DE8}") = "Deposit", "Deposit", "{ABFC4B9A-127C-402D-B7C2-956F1F2B5C43}"
EndProject
Project("{2150E333-8FDC-42A3-9474-1A3956D46DE8}") = "History", "History", "{C27F473A-E6CF-4B86-AC65-66DE32DA279B}"
EndProject
Project("{2150E333-8FDC-42A3-9474-1A3956D46DE8}") = "Notification", "Notification", "{5B81D91D-E93E-4789-A36C-C4083E25BBF7}"
EndProject
Project("{2150E333-8FDC-42A3-9474-1A3956D46DE8}") = "Security", "Security", "{A3595A62-9A5C-45BB-91CC-55ED03994CE4}"
EndProject
Project("{2150E333-8FDC-42A3-9474-1A3956D46DE8}") = "Withdrawal", "Withdrawal", "{D1192C88-52B4-4466-9E1B-A03852672A61}"
EndProject
Project("{FAE04EC0-301F-11D3-BF4B-00C04F79EFBC}") = "MS.AFORO255.Security", "MS.AFORO255.Security\MS.AFORO255.Security.csproj", "{C516C136-1718-41F1-9377-78F03F8DEF55}"
EndProject
Project("{9A19103F-16F7-4668-BE54-9A1E7A4F7556}") = "MS.AFORO255.Account", "MS.AFORO255.Account\MS.AFORO255.Account.csproj", "{94BEE250-993E-4A7C-8863-82BD12C4E701}"
EndProject
Project("{9A19103F-16F7-4668-BE54-9A1E7A4F7556}") = "MS.AFORO255.Deposit", "MS.AFORO255.Deposit\MS.AFORO255.Deposit.csproj", "{36441352-8BE1-42C8-94CF-D6A7B2405384}"
EndProject
Project("{9A19103F-16F7-4668-BE54-9A1E7A4F7556}") = "MS.AFORO255.History", "MS.AFORO255.History\MS.AFORO255.History.csproj", "{8447EE95-CFA7-4569-9119-DD4336679032}"
EndProject
Project("{9A19103F-16F7-4668-BE54-9A1E7A4F7556}") = "MS.AFORO255.Notification", "MS.AFORO255.Notification\MS.AFORO255.Notification.csproj", "{4E90019D-32BA-4F5D-A8A2-AB7FD52E0037}"
EndProject
Project("{9A19103F-16F7-4668-BE54-9A1E7A4F7556}") = "MS.AFORO255.Withdrawal", "MS.AFORO255.Withdrawal\MS.AFORO255.Withdrawal.csproj", "{1B5F38EF-C77B-424B-9B60-97FCCD06E62E}"
EndProject
Global
	GlobalSection(SolutionConfigurationPlatforms) = preSolution
		Debug|Any CPU = Debug|Any CPU
		Release|Any CPU = Release|Any CPU
	EndGlobalSection
	GlobalSection(ProjectConfigurationPlatforms) = postSolution
		{C516C136-1718-41F1-9377-78F03F8DEF55}.Debug|Any CPU.ActiveCfg = Debug|Any CPU
		{C516C136-1718-41F1-9377-78F03F8DEF55}.Debug|Any CPU.Build.0 = Debug|Any CPU
		{C516C136-1718-41F1-9377-78F03F8DEF55}.Release|Any CPU.ActiveCfg = Release|Any CPU
		{C516C136-1718-41F1-9377-78F03F8DEF55}.Release|Any CPU.Build.0 = Release|Any CPU
		{94BEE250-993E-4A7C-8863-82BD12C4E701}.Debug|Any CPU.ActiveCfg = Debug|Any CPU
		{94BEE250-993E-4A7C-8863-82BD12C4E701}.Debug|Any CPU.Build.0 = Debug|Any CPU
		{94BEE250-993E-4A7C-8863-82BD12C4E701}.Release|Any CPU.ActiveCfg = Release|Any CPU
		{94BEE250-993E-4A7C-8863-82BD12C4E701}.Release|Any CPU.Build.0 = Release|Any CPU
		{36441352-8BE1-42C8-94CF-D6A7B2405384}.Debug|Any CPU.ActiveCfg = Debug|Any CPU
		{36441352-8BE1-42C8-94CF-D6A7B2405384}.Debug|Any CPU.Build.0 = Debug|Any CPU
		{36441352-8BE1-42C8-94CF-D6A7B2405384}.Release|Any CPU.ActiveCfg = Release|Any CPU
		{36441352-8BE1-42C8-94CF-D6A7B2405384}.Release|Any CPU.Build.0 = Release|Any CPU
		{8447EE95-CFA7-4569-9119-DD4336679032}.Debug|Any CPU.ActiveCfg = Debug|Any CPU
		{8447EE95-CFA7-4569-9119-DD4336679032}.Debug|Any CPU.Build.0 = Debug|Any CPU
		{8447EE95-CFA7-4569-9119-DD4336679032}.Release|Any CPU.ActiveCfg = Release|Any CPU
		{8447EE95-CFA7-4569-9119-DD4336679032}.Release|Any CPU.Build.0 = Release|Any CPU
		{4E90019D-32BA-4F5D-A8A2-AB7FD52E0037}.Debug|Any CPU.ActiveCfg = Debug|Any CPU
		{4E90019D-32BA-4F5D-A8A2-AB7FD52E0037}.Debug|Any CPU.Build.0 = Debug|Any CPU
		{4E90019D-32BA-4F5D-A8A2-AB7FD52E0037}.Release|Any CPU.ActiveCfg = Release|Any CPU
		{4E90019D-32BA-4F5D-A8A2-AB7FD52E0037}.Release|Any CPU.Build.0 = Release|Any CPU
		{1B5F38EF-C77B-424B-9B60-97FCCD06E62E}.Debug|Any CPU.ActiveCfg = Debug|Any CPU
		{1B5F38EF-C77B-424B-9B60-97FCCD06E62E}.Debug|Any CPU.Build.0 = Debug|Any CPU
		{1B5F38EF-C77B-424B-9B60-97FCCD06E62E}.Release|Any CPU.ActiveCfg = Release|Any CPU
		{1B5F38EF-C77B-424B-9B60-97FCCD06E62E}.Release|Any CPU.Build.0 = Release|Any CPU
	EndGlobalSection
	GlobalSection(SolutionProperties) = preSolution
		HideSolutionNode = FALSE
	EndGlobalSection
	GlobalSection(NestedProjects) = preSolution
		{4767FFC0-62A6-41DB-AAB5-1FA01876DC9A} = {4339B852-9958-46EA-8494-A3473EAA620D}
		{624EA558-0646-4927-9342-3C1772F4D2C3} = {4339B852-9958-46EA-8494-A3473EAA620D}
		{D99B6DE8-2712-4480-99DD-73A0111A481C} = {624EA558-0646-4927-9342-3C1772F4D2C3}
		{ABFC4B9A-127C-402D-B7C2-956F1F2B5C43} = {624EA558-0646-4927-9342-3C1772F4D2C3}
		{C27F473A-E6CF-4B86-AC65-66DE32DA279B} = {624EA558-0646-4927-9342-3C1772F4D2C3}
		{5B81D91D-E93E-4789-A36C-C4083E25BBF7} = {624EA558-0646-4927-9342-3C1772F4D2C3}
		{A3595A62-9A5C-45BB-91CC-55ED03994CE4} = {624EA558-0646-4927-9342-3C1772F4D2C3}
		{D1192C88-52B4-4466-9E1B-A03852672A61} = {624EA558-0646-4927-9342-3C1772F4D2C3}
		{C516C136-1718-41F1-9377-78F03F8DEF55} = {A3595A62-9A5C-45BB-91CC-55ED03994CE4}
		{94BEE250-993E-4A7C-8863-82BD12C4E701} = {D99B6DE8-2712-4480-99DD-73A0111A481C}
		{36441352-8BE1-42C8-94CF-D6A7B2405384} = {ABFC4B9A-127C-402D-B7C2-956F1F2B5C43}
		{8447EE95-CFA7-4569-9119-DD4336679032} = {C27F473A-E6CF-4B86-AC65-66DE32DA279B}
		{4E90019D-32BA-4F5D-A8A2-AB7FD52E0037} = {5B81D91D-E93E-4789-A36C-C4083E25BBF7}
		{1B5F38EF-C77B-424B-9B60-97FCCD06E62E} = {D1192C88-52B4-4466-9E1B-A03852672A61}
	EndGlobalSection
	GlobalSection(ExtensibilityGlobals) = postSolution
		SolutionGuid = {359A7282-9486-4301-A7D0-17BEBA7E1D5D}
	EndGlobalSection
EndGlobal
