
Microsoft Visual Studio Solution File, Format Version 12.00
# Visual Studio Version 16
VisualStudioVersion = 16.0.30717.126
MinimumVisualStudioVersion = 10.0.40219.1
Project("{2150E333-8FDC-42A3-9474-1A3956D46DE8}") = "Projects", "Projects", "{4DEEE17E-EF0C-4358-802B-99B1B79CE692}"
EndProject
Project("{2150E333-8FDC-42A3-9474-1A3956D46DE8}") = "Gateway", "Gateway", "{B0BE2792-D423-419A-8FF3-2382BB68A832}"
EndProject
Project("{2150E333-8FDC-42A3-9474-1A3956D46DE8}") = "Microservices", "Microservices", "{2B866A0B-BF78-4D35-A90A-841D6AF4C948}"
EndProject
Project("{2150E333-8FDC-42A3-9474-1A3956D46DE8}") = "Account", "Account", "{1077DD1D-2859-40ED-BD93-A028F4FEF055}"
EndProject
Project("{2150E333-8FDC-42A3-9474-1A3956D46DE8}") = "Deposit", "Deposit", "{306F4E64-AE0B-4DCE-9B02-01851E342584}"
EndProject
Project("{2150E333-8FDC-42A3-9474-1A3956D46DE8}") = "History", "History", "{F83917B7-232A-4863-BF60-CC3073B1FDBB}"
EndProject
Project("{2150E333-8FDC-42A3-9474-1A3956D46DE8}") = "Notification", "Notification", "{CBA97A03-8BB1-409B-AC94-96A408A1A7B2}"
EndProject
Project("{2150E333-8FDC-42A3-9474-1A3956D46DE8}") = "Security", "Security", "{F09D2F74-1235-43DB-944D-157B53B9973A}"
EndProject
Project("{2150E333-8FDC-42A3-9474-1A3956D46DE8}") = "Withdrawal", "Withdrawal", "{985C94BE-2D6E-4277-B7E2-4E10806B327E}"
EndProject
Project("{9A19103F-16F7-4668-BE54-9A1E7A4F7556}") = "MS.AFORO255.Security", "MS.AFORO255.Security\MS.AFORO255.Security.csproj", "{A67034B9-957C-45AC-8EEF-5DCF850EC330}"
EndProject
Project("{9A19103F-16F7-4668-BE54-9A1E7A4F7556}") = "MS.AFORO255.Account", "MS.AFORO255.Account\MS.AFORO255.Account.csproj", "{F7E56924-D8C0-40E9-AE61-DE49BCD16DE3}"
EndProject
Project("{9A19103F-16F7-4668-BE54-9A1E7A4F7556}") = "MS.AFORO255.Deposit", "MS.AFORO255.Deposit\MS.AFORO255.Deposit.csproj", "{A0507E67-2FF1-4065-A30B-E4B49C0564E9}"
EndProject
Project("{9A19103F-16F7-4668-BE54-9A1E7A4F7556}") = "MS.AFORO255.History", "MS.AFORO255.History\MS.AFORO255.History.csproj", "{9325DB0E-B87C-4367-B1DD-8076F27B124A}"
EndProject
Project("{9A19103F-16F7-4668-BE54-9A1E7A4F7556}") = "MS.AFORO255.Notification", "MS.AFORO255.Notification\MS.AFORO255.Notification.csproj", "{5EADC3E8-190D-4659-8745-827813ABA09D}"
EndProject
Project("{9A19103F-16F7-4668-BE54-9A1E7A4F7556}") = "MS.AFORO255.Withdrawal", "MS.AFORO255.Withdrawal\MS.AFORO255.Withdrawal.csproj", "{6E9877DA-1884-47C7-B877-DE8847E1DF13}"
EndProject
Project("{2150E333-8FDC-42A3-9474-1A3956D46DE8}") = "Cross", "Cross", "{C3A3EC4B-9CCF-48B5-B5F8-760078E86E0C}"
EndProject
Project("{FAE04EC0-301F-11D3-BF4B-00C04F79EFBC}") = "MS.AFORO255.Cross.Kafka", "MS.AFORO255.Cross.Kafka\MS.AFORO255.Cross.Kafka.csproj", "{41F8916A-20EA-46CF-AA01-01E55987B753}"
EndProject
Global
	GlobalSection(SolutionConfigurationPlatforms) = preSolution
		Debug|Any CPU = Debug|Any CPU
		Release|Any CPU = Release|Any CPU
	EndGlobalSection
	GlobalSection(ProjectConfigurationPlatforms) = postSolution
		{A67034B9-957C-45AC-8EEF-5DCF850EC330}.Debug|Any CPU.ActiveCfg = Debug|Any CPU
		{A67034B9-957C-45AC-8EEF-5DCF850EC330}.Debug|Any CPU.Build.0 = Debug|Any CPU
		{A67034B9-957C-45AC-8EEF-5DCF850EC330}.Release|Any CPU.ActiveCfg = Release|Any CPU
		{A67034B9-957C-45AC-8EEF-5DCF850EC330}.Release|Any CPU.Build.0 = Release|Any CPU
		{F7E56924-D8C0-40E9-AE61-DE49BCD16DE3}.Debug|Any CPU.ActiveCfg = Debug|Any CPU
		{F7E56924-D8C0-40E9-AE61-DE49BCD16DE3}.Debug|Any CPU.Build.0 = Debug|Any CPU
		{F7E56924-D8C0-40E9-AE61-DE49BCD16DE3}.Release|Any CPU.ActiveCfg = Release|Any CPU
		{F7E56924-D8C0-40E9-AE61-DE49BCD16DE3}.Release|Any CPU.Build.0 = Release|Any CPU
		{A0507E67-2FF1-4065-A30B-E4B49C0564E9}.Debug|Any CPU.ActiveCfg = Debug|Any CPU
		{A0507E67-2FF1-4065-A30B-E4B49C0564E9}.Debug|Any CPU.Build.0 = Debug|Any CPU
		{A0507E67-2FF1-4065-A30B-E4B49C0564E9}.Release|Any CPU.ActiveCfg = Release|Any CPU
		{A0507E67-2FF1-4065-A30B-E4B49C0564E9}.Release|Any CPU.Build.0 = Release|Any CPU
		{9325DB0E-B87C-4367-B1DD-8076F27B124A}.Debug|Any CPU.ActiveCfg = Debug|Any CPU
		{9325DB0E-B87C-4367-B1DD-8076F27B124A}.Debug|Any CPU.Build.0 = Debug|Any CPU
		{9325DB0E-B87C-4367-B1DD-8076F27B124A}.Release|Any CPU.ActiveCfg = Release|Any CPU
		{9325DB0E-B87C-4367-B1DD-8076F27B124A}.Release|Any CPU.Build.0 = Release|Any CPU
		{5EADC3E8-190D-4659-8745-827813ABA09D}.Debug|Any CPU.ActiveCfg = Debug|Any CPU
		{5EADC3E8-190D-4659-8745-827813ABA09D}.Debug|Any CPU.Build.0 = Debug|Any CPU
		{5EADC3E8-190D-4659-8745-827813ABA09D}.Release|Any CPU.ActiveCfg = Release|Any CPU
		{5EADC3E8-190D-4659-8745-827813ABA09D}.Release|Any CPU.Build.0 = Release|Any CPU
		{6E9877DA-1884-47C7-B877-DE8847E1DF13}.Debug|Any CPU.ActiveCfg = Debug|Any CPU
		{6E9877DA-1884-47C7-B877-DE8847E1DF13}.Debug|Any CPU.Build.0 = Debug|Any CPU
		{6E9877DA-1884-47C7-B877-DE8847E1DF13}.Release|Any CPU.ActiveCfg = Release|Any CPU
		{6E9877DA-1884-47C7-B877-DE8847E1DF13}.Release|Any CPU.Build.0 = Release|Any CPU
		{41F8916A-20EA-46CF-AA01-01E55987B753}.Debug|Any CPU.ActiveCfg = Debug|Any CPU
		{41F8916A-20EA-46CF-AA01-01E55987B753}.Debug|Any CPU.Build.0 = Debug|Any CPU
		{41F8916A-20EA-46CF-AA01-01E55987B753}.Release|Any CPU.ActiveCfg = Release|Any CPU
		{41F8916A-20EA-46CF-AA01-01E55987B753}.Release|Any CPU.Build.0 = Release|Any CPU
	EndGlobalSection
	GlobalSection(SolutionProperties) = preSolution
		HideSolutionNode = FALSE
	EndGlobalSection
	GlobalSection(NestedProjects) = preSolution
		{B0BE2792-D423-419A-8FF3-2382BB68A832} = {4DEEE17E-EF0C-4358-802B-99B1B79CE692}
		{2B866A0B-BF78-4D35-A90A-841D6AF4C948} = {4DEEE17E-EF0C-4358-802B-99B1B79CE692}
		{1077DD1D-2859-40ED-BD93-A028F4FEF055} = {2B866A0B-BF78-4D35-A90A-841D6AF4C948}
		{306F4E64-AE0B-4DCE-9B02-01851E342584} = {2B866A0B-BF78-4D35-A90A-841D6AF4C948}
		{F83917B7-232A-4863-BF60-CC3073B1FDBB} = {2B866A0B-BF78-4D35-A90A-841D6AF4C948}
		{CBA97A03-8BB1-409B-AC94-96A408A1A7B2} = {2B866A0B-BF78-4D35-A90A-841D6AF4C948}
		{F09D2F74-1235-43DB-944D-157B53B9973A} = {2B866A0B-BF78-4D35-A90A-841D6AF4C948}
		{985C94BE-2D6E-4277-B7E2-4E10806B327E} = {2B866A0B-BF78-4D35-A90A-841D6AF4C948}
		{A67034B9-957C-45AC-8EEF-5DCF850EC330} = {F09D2F74-1235-43DB-944D-157B53B9973A}
		{F7E56924-D8C0-40E9-AE61-DE49BCD16DE3} = {1077DD1D-2859-40ED-BD93-A028F4FEF055}
		{A0507E67-2FF1-4065-A30B-E4B49C0564E9} = {306F4E64-AE0B-4DCE-9B02-01851E342584}
		{9325DB0E-B87C-4367-B1DD-8076F27B124A} = {F83917B7-232A-4863-BF60-CC3073B1FDBB}
		{5EADC3E8-190D-4659-8745-827813ABA09D} = {CBA97A03-8BB1-409B-AC94-96A408A1A7B2}
		{6E9877DA-1884-47C7-B877-DE8847E1DF13} = {985C94BE-2D6E-4277-B7E2-4E10806B327E}
		{41F8916A-20EA-46CF-AA01-01E55987B753} = {C3A3EC4B-9CCF-48B5-B5F8-760078E86E0C}
	EndGlobalSection
	GlobalSection(ExtensibilityGlobals) = postSolution
		SolutionGuid = {8B786880-FA3B-43F9-91B8-3D2A957CCCC7}
	EndGlobalSection
EndGlobal
